// !$*UTF8*$!
{
	archiveVersion = 1;
	classes = {
	};
	objectVersion = 77;
	objects = {

/* Begin PBXBuildFile section */
		F3057A8C2FA00D21007297CC /* CommunityData.framework in Frameworks */ = {isa = PBXBuildFile; fileRef = F3057A792FA00D12007297CC /* CommunityData.framework */; };
		F3057A8D2FA00D21007297CC /* CommunityData.framework in Embed Frameworks */ = {isa = PBXBuildFile; fileRef = F3057A792FA00D12007297CC /* CommunityData.framework */; settings = {ATTRIBUTES = (CodeSignOnCopy, RemoveHeadersOnCopy, ); }; };
		F32766232F9F77B0003BC9A8 /* CommunityUI.framework in Frameworks */ = {isa = PBXBuildFile; fileRef = F32765E32F9F76FF003BC9A8 /* CommunityUI.framework */; };
		F32766242F9F77B0003BC9A8 /* CommunityUI.framework in Embed Frameworks */ = {isa = PBXBuildFile; fileRef = F32765E32F9F76FF003BC9A8 /* CommunityUI.framework */; settings = {ATTRIBUTES = (CodeSignOnCopy, RemoveHeadersOnCopy, ); }; };
		F32766C22F9FE8C2003BC9A8 /* CommunityCore.framework in Frameworks */ = {isa = PBXBuildFile; fileRef = F32766432F9F78CD003BC9A8 /* CommunityCore.framework */; };
		F32766C32F9FE8C2003BC9A8 /* CommunityCore.framework in Embed Frameworks */ = {isa = PBXBuildFile; fileRef = F32766432F9F78CD003BC9A8 /* CommunityCore.framework */; settings = {ATTRIBUTES = (CodeSignOnCopy, RemoveHeadersOnCopy, ); }; };
		F32767602FA001A1003BC9A8 /* CommunityCore.framework in Frameworks */ = {isa = PBXBuildFile; fileRef = F32766432F9F78CD003BC9A8 /* CommunityCore.framework */; };
		F32767612FA001A1003BC9A8 /* CommunityCore.framework in Embed Frameworks */ = {isa = PBXBuildFile; fileRef = F32766432F9F78CD003BC9A8 /* CommunityCore.framework */; settings = {ATTRIBUTES = (CodeSignOnCopy, RemoveHeadersOnCopy, ); }; };
/* End PBXBuildFile section */

/* Begin PBXContainerItemProxy section */
		F3057A782FA00D12007297CC /* PBXContainerItemProxy */ = {
			isa = PBXContainerItemProxy;
			containerPortal = F34428832F9F5F2A007CD99D /* CommunityData.xcodeproj */;
			proxyType = 2;
			remoteGlobalIDString = F34428772F9F5F2A007CD99D;
			remoteInfo = CommunityData;
		};
		F32765E22F9F76FF003BC9A8 /* PBXContainerItemProxy */ = {
			isa = PBXContainerItemProxy;
			containerPortal = F32765DA2F9F76FF003BC9A8 /* CommunityUI.xcodeproj */;
			proxyType = 2;
			remoteGlobalIDString = F32765CE2F9F76FF003BC9A8;
			remoteInfo = CommunityUI;
		};
		F32766422F9F78CD003BC9A8 /* PBXContainerItemProxy */ = {
			isa = PBXContainerItemProxy;
			containerPortal = F327663E2F9F78CD003BC9A8 /* CommunityCore.xcodeproj */;
			proxyType = 2;
			remoteGlobalIDString = F32766322F9F78CD003BC9A8;
			remoteInfo = CommunityCore;
		};
		F3A0CD492F90EA2700B052F7 /* PBXContainerItemProxy */ = {
			isa = PBXContainerItemProxy;
			containerPortal = F3A0CD332F90EA2600B052F7 /* Project object */;
			proxyType = 1;
			remoteGlobalIDString = F3A0CD3A2F90EA2600B052F7;
			remoteInfo = community_app;
		};
/* End PBXContainerItemProxy section */

/* Begin PBXCopyFilesBuildPhase section */
		F32766252F9F77B0003BC9A8 /* Embed Frameworks */ = {
			isa = PBXCopyFilesBuildPhase;
			buildActionMask = 2147483647;
			dstPath = "";
			dstSubfolderSpec = 10;
			files = (
				F32766242F9F77B0003BC9A8 /* CommunityUI.framework in Embed Frameworks */,
				F3057A8D2FA00D21007297CC /* CommunityData.framework in Embed Frameworks */,
				F32766C32F9FE8C2003BC9A8 /* CommunityCore.framework in Embed Frameworks */,
			);
			name = "Embed Frameworks";
			runOnlyForDeploymentPostprocessing = 0;
		};
		F327675F2FA0000B003BC9A8 /* Embed Frameworks */ = {
			isa = PBXCopyFilesBuildPhase;
			buildActionMask = 2147483647;
			dstPath = "";
			dstSubfolderSpec = 10;
			files = (
				F32767612FA001A1003BC9A8 /* CommunityCore.framework in Embed Frameworks */,
			);
			name = "Embed Frameworks";
			runOnlyForDeploymentPostprocessing = 0;
		};
/* End PBXCopyFilesBuildPhase section */

/* Begin PBXFileReference section */
		F30579FA2FA00D0A007297CC /* CommunityCore.xcodeproj */ = {isa = PBXFileReference; lastKnownFileType = "wrapper.pb-project"; path = CommunityCore.xcodeproj; sourceTree = "<group>"; };
		F3057A0C2FA00D0A007297CC /* CommunityData.xcodeproj */ = {isa = PBXFileReference; lastKnownFileType = "wrapper.pb-project"; path = CommunityData.xcodeproj; sourceTree = "<group>"; };
		F3057A252FA00D0A007297CC /* CommunityUI.xcodeproj */ = {isa = PBXFileReference; lastKnownFileType = "wrapper.pb-project"; path = CommunityUI.xcodeproj; sourceTree = "<group>"; };
		F3057BF92FA011E6007297CC /* CommunityCore.xcodeproj */ = {isa = PBXFileReference; lastKnownFileType = "wrapper.pb-project"; path = CommunityCore.xcodeproj; sourceTree = "<group>"; };
		F3057C0B2FA011E6007297CC /* CommunityData.xcodeproj */ = {isa = PBXFileReference; lastKnownFileType = "wrapper.pb-project"; path = CommunityData.xcodeproj; sourceTree = "<group>"; };
		F3057C242FA011E6007297CC /* CommunityUI.xcodeproj */ = {isa = PBXFileReference; lastKnownFileType = "wrapper.pb-project"; path = CommunityUI.xcodeproj; sourceTree = "<group>"; };
		F31E908C2FA23BA0007DBF65 /* CommunityCore.xcodeproj */ = {isa = PBXFileReference; lastKnownFileType = "wrapper.pb-project"; path = CommunityCore.xcodeproj; sourceTree = "<group>"; };
		F31E90A42FA23BA0007DBF65 /* CommunityData.xcodeproj */ = {isa = PBXFileReference; lastKnownFileType = "wrapper.pb-project"; path = CommunityData.xcodeproj; sourceTree = "<group>"; };
		F31E90C52FA23BA0007DBF65 /* CommunityUI.xcodeproj */ = {isa = PBXFileReference; lastKnownFileType = "wrapper.pb-project"; path = CommunityUI.xcodeproj; sourceTree = "<group>"; };
		F327654E2F9F7023003BC9A8 /* CommunityData.xcodeproj */ = {isa = PBXFileReference; lastKnownFileType = "wrapper.pb-project"; path = CommunityData.xcodeproj; sourceTree = "<group>"; };
		F32765DA2F9F76FF003BC9A8 /* CommunityUI.xcodeproj */ = {isa = PBXFileReference; lastKnownFileType = "wrapper.pb-project"; name = CommunityUI.xcodeproj; path = community_app/Frameworks/CommunityUI/CommunityUI.xcodeproj; sourceTree = "<group>"; };
		F32765E72F9F7700003BC9A8 /* CommunityUI.xcodeproj */ = {isa = PBXFileReference; lastKnownFileType = "wrapper.pb-project"; path = CommunityUI.xcodeproj; sourceTree = "<group>"; };
		F327663E2F9F78CD003BC9A8 /* CommunityCore.xcodeproj */ = {isa = PBXFileReference; lastKnownFileType = "wrapper.pb-project"; name = CommunityCore.xcodeproj; path = community_app/Frameworks/CommunityCore/CommunityCore.xcodeproj; sourceTree = "<group>"; };
		F32766472F9F78CF003BC9A8 /* CommunityCore.xcodeproj */ = {isa = PBXFileReference; lastKnownFileType = "wrapper.pb-project"; path = CommunityCore.xcodeproj; sourceTree = "<group>"; };
		F344278C2F9F52F0007CD99D /* UI.xcodeproj */ = {isa = PBXFileReference; lastKnownFileType = "wrapper.pb-project"; path = UI.xcodeproj; sourceTree = "<group>"; };
		F344281C2F9F54AD007CD99D /* Core.xcodeproj */ = {isa = PBXFileReference; lastKnownFileType = "wrapper.pb-project"; path = Core.xcodeproj; sourceTree = "<group>"; };
		F34428832F9F5F2A007CD99D /* CommunityData.xcodeproj */ = {isa = PBXFileReference; lastKnownFileType = "wrapper.pb-project"; name = CommunityData.xcodeproj; path = community_app/Frameworks/CommunityData/CommunityData.xcodeproj; sourceTree = "<group>"; };
		F34428892F9F5F2A007CD99D /* CommunityData.xcodeproj */ = {isa = PBXFileReference; lastKnownFileType = "wrapper.pb-project"; path = CommunityData.xcodeproj; sourceTree = "<group>"; };
		F3637B282FB491C700158B05 /* CommunityCore.xcodeproj */ = {isa = PBXFileReference; lastKnownFileType = "wrapper.pb-project"; path = CommunityCore.xcodeproj; sourceTree = "<group>"; };
		F3637B472FB491C700158B05 /* CommunityData.xcodeproj */ = {isa = PBXFileReference; lastKnownFileType = "wrapper.pb-project"; path = CommunityData.xcodeproj; sourceTree = "<group>"; };
		F3637B7A2FB491C700158B05 /* CommunityUI.xcodeproj */ = {isa = PBXFileReference; lastKnownFileType = "wrapper.pb-project"; path = CommunityUI.xcodeproj; sourceTree = "<group>"; };
		F37844542FA5346200CE581F /* CommunityCore.xcodeproj */ = {isa = PBXFileReference; lastKnownFileType = "wrapper.pb-project"; path = CommunityCore.xcodeproj; sourceTree = "<group>"; };
		F37844712FA5346200CE581F /* CommunityData.xcodeproj */ = {isa = PBXFileReference; lastKnownFileType = "wrapper.pb-project"; path = CommunityData.xcodeproj; sourceTree = "<group>"; };
		F378449C2FA5346200CE581F /* CommunityUI.xcodeproj */ = {isa = PBXFileReference; lastKnownFileType = "wrapper.pb-project"; path = CommunityUI.xcodeproj; sourceTree = "<group>"; };
		F37D60022F9D329C00E80151 /* UI.xcodeproj */ = {isa = PBXFileReference; lastKnownFileType = "wrapper.pb-project"; path = UI.xcodeproj; sourceTree = "<group>"; };
		F37D60A82F9DF72A00E80151 /* UI.xcodeproj */ = {isa = PBXFileReference; lastKnownFileType = "wrapper.pb-project"; path = UI.xcodeproj; sourceTree = "<group>"; };
		F39222F22FADCC8000327CC7 /* CommunityCore.xcodeproj */ = {isa = PBXFileReference; lastKnownFileType = "wrapper.pb-project"; path = CommunityCore.xcodeproj; sourceTree = "<group>"; };
		F39223112FADCC8000327CC7 /* CommunityData.xcodeproj */ = {isa = PBXFileReference; lastKnownFileType = "wrapper.pb-project"; path = CommunityData.xcodeproj; sourceTree = "<group>"; };
		F39223412FADCC8000327CC7 /* CommunityUI.xcodeproj */ = {isa = PBXFileReference; lastKnownFileType = "wrapper.pb-project"; path = CommunityUI.xcodeproj; sourceTree = "<group>"; };
		F39224D32FAE0A0400327CC7 /* CommunityCore.xcodeproj */ = {isa = PBXFileReference; lastKnownFileType = "wrapper.pb-project"; path = CommunityCore.xcodeproj; sourceTree = "<group>"; };
		F39224F22FAE0A0400327CC7 /* CommunityData.xcodeproj */ = {isa = PBXFileReference; lastKnownFileType = "wrapper.pb-project"; path = CommunityData.xcodeproj; sourceTree = "<group>"; };
		F39225252FAE0A0400327CC7 /* CommunityUI.xcodeproj */ = {isa = PBXFileReference; lastKnownFileType = "wrapper.pb-project"; path = CommunityUI.xcodeproj; sourceTree = "<group>"; };
		F396893C2FA3EA58005BE3CD /* CommunityCore.xcodeproj */ = {isa = PBXFileReference; lastKnownFileType = "wrapper.pb-project"; path = CommunityCore.xcodeproj; sourceTree = "<group>"; };
		F39689572FA3EA58005BE3CD /* CommunityData.xcodeproj */ = {isa = PBXFileReference; lastKnownFileType = "wrapper.pb-project"; path = CommunityData.xcodeproj; sourceTree = "<group>"; };
		F396897E2FA3EA58005BE3CD /* CommunityUI.xcodeproj */ = {isa = PBXFileReference; lastKnownFileType = "wrapper.pb-project"; path = CommunityUI.xcodeproj; sourceTree = "<group>"; };
		F3A0CD3B2F90EA2600B052F7 /* community_app.app */ = {isa = PBXFileReference; explicitFileType = wrapper.application; includeInIndex = 0; path = community_app.app; sourceTree = BUILT_PRODUCTS_DIR; };
		F3A0CD482F90EA2700B052F7 /* community_appTests.xctest */ = {isa = PBXFileReference; explicitFileType = wrapper.cfbundle; includeInIndex = 0; path = community_appTests.xctest; sourceTree = BUILT_PRODUCTS_DIR; };
		F3DDF9E52FACD197000DE75A /* CommunityCore.xcodeproj */ = {isa = PBXFileReference; lastKnownFileType = "wrapper.pb-project"; path = CommunityCore.xcodeproj; sourceTree = "<group>"; };
		F3DDFA042FACD197000DE75A /* CommunityData.xcodeproj */ = {isa = PBXFileReference; lastKnownFileType = "wrapper.pb-project"; path = CommunityData.xcodeproj; sourceTree = "<group>"; };
		F3DDFA342FACD197000DE75A /* CommunityUI.xcodeproj */ = {isa = PBXFileReference; lastKnownFileType = "wrapper.pb-project"; path = CommunityUI.xcodeproj; sourceTree = "<group>"; };
		F3DF4AB02FA5414800FEC2A8 /* CommunityCore.xcodeproj */ = {isa = PBXFileReference; lastKnownFileType = "wrapper.pb-project"; path = CommunityCore.xcodeproj; sourceTree = "<group>"; };
		F3DF4ACD2FA5414800FEC2A8 /* CommunityData.xcodeproj */ = {isa = PBXFileReference; lastKnownFileType = "wrapper.pb-project"; path = CommunityData.xcodeproj; sourceTree = "<group>"; };
		F3DF4AF82FA5414800FEC2A8 /* CommunityUI.xcodeproj */ = {isa = PBXFileReference; lastKnownFileType = "wrapper.pb-project"; path = CommunityUI.xcodeproj; sourceTree = "<group>"; };
		F3DF4C782FA85B7500FEC2A8 /* CommunityCore.xcodeproj */ = {isa = PBXFileReference; lastKnownFileType = "wrapper.pb-project"; path = CommunityCore.xcodeproj; sourceTree = "<group>"; };
		F3DF4C952FA85B7500FEC2A8 /* CommunityData.xcodeproj */ = {isa = PBXFileReference; lastKnownFileType = "wrapper.pb-project"; path = CommunityData.xcodeproj; sourceTree = "<group>"; };
		F3DF4CC32FA85B7500FEC2A8 /* CommunityUI.xcodeproj */ = {isa = PBXFileReference; lastKnownFileType = "wrapper.pb-project"; path = CommunityUI.xcodeproj; sourceTree = "<group>"; };
		F3E5D5152F9E4A320059A283 /* UI.xcodeproj */ = {isa = PBXFileReference; lastKnownFileType = "wrapper.pb-project"; path = UI.xcodeproj; sourceTree = "<group>"; };
		F3EB98942FA0C72F00C04747 /* CommunityCore.xcodeproj */ = {isa = PBXFileReference; lastKnownFileType = "wrapper.pb-project"; path = CommunityCore.xcodeproj; sourceTree = "<group>"; };
		F3EB98A72FA0C72F00C04747 /* CommunityData.xcodeproj */ = {isa = PBXFileReference; lastKnownFileType = "wrapper.pb-project"; path = CommunityData.xcodeproj; sourceTree = "<group>"; };
		F3EB98C02FA0C72F00C04747 /* CommunityUI.xcodeproj */ = {isa = PBXFileReference; lastKnownFileType = "wrapper.pb-project"; path = CommunityUI.xcodeproj; sourceTree = "<group>"; };
		F3EB99C62FA0DA6000C04747 /* CommunityCore.xcodeproj */ = {isa = PBXFileReference; lastKnownFileType = "wrapper.pb-project"; path = CommunityCore.xcodeproj; sourceTree = "<group>"; };
		F3EB99DE2FA0DA6000C04747 /* CommunityData.xcodeproj */ = {isa = PBXFileReference; lastKnownFileType = "wrapper.pb-project"; path = CommunityData.xcodeproj; sourceTree = "<group>"; };
		F3EB99F72FA0DA6000C04747 /* CommunityUI.xcodeproj */ = {isa = PBXFileReference; lastKnownFileType = "wrapper.pb-project"; path = CommunityUI.xcodeproj; sourceTree = "<group>"; };
		F3ECC7922F9CBA4C0015F1BB /* UI.xcodeproj */ = {isa = PBXFileReference; lastKnownFileType = "wrapper.pb-project"; path = UI.xcodeproj; sourceTree = "<group>"; };
		F3ECC8032F9D1B530015F1BB /* community_app.xctestplan */ = {isa = PBXFileReference; lastKnownFileType = text; path = community_app.xctestplan; sourceTree = "<group>"; };
		F3F74CEF2F9E17D400E3CCF1 /* UI.xcodeproj */ = {isa = PBXFileReference; lastKnownFileType = "wrapper.pb-project"; path = UI.xcodeproj; sourceTree = "<group>"; };
		F3FAEE262FA3360B00869628 /* CommunityCore.xcodeproj */ = {isa = PBXFileReference; lastKnownFileType = "wrapper.pb-project"; path = CommunityCore.xcodeproj; sourceTree = "<group>"; };
		F3FAEE3E2FA3360B00869628 /* CommunityData.xcodeproj */ = {isa = PBXFileReference; lastKnownFileType = "wrapper.pb-project"; path = CommunityData.xcodeproj; sourceTree = "<group>"; };
		F3FAEE5F2FA3360B00869628 /* CommunityUI.xcodeproj */ = {isa = PBXFileReference; lastKnownFileType = "wrapper.pb-project"; path = CommunityUI.xcodeproj; sourceTree = "<group>"; };
		F3FAEF742FA3897600869628 /* CommunityCore.xcodeproj */ = {isa = PBXFileReference; lastKnownFileType = "wrapper.pb-project"; path = CommunityCore.xcodeproj; sourceTree = "<group>"; };
		F3FAEF8D2FA3897600869628 /* CommunityData.xcodeproj */ = {isa = PBXFileReference; lastKnownFileType = "wrapper.pb-project"; path = CommunityData.xcodeproj; sourceTree = "<group>"; };
		F3FAEFAF2FA3897600869628 /* CommunityUI.xcodeproj */ = {isa = PBXFileReference; lastKnownFileType = "wrapper.pb-project"; path = CommunityUI.xcodeproj; sourceTree = "<group>"; };
/* End PBXFileReference section */

/* Begin PBXFileSystemSynchronizedBuildFileExceptionSet section */
		F32766EE2F9FEADA003BC9A8 /* Exceptions for "community_app" folder in "community_appTests" target */ = {
			isa = PBXFileSystemSynchronizedBuildFileExceptionSet;
			membershipExceptions = (
				Frameworks/CommunityCore/CommunityCoreTests/MockRepositories/AuthRepositoryMock.swift,
				Frameworks/CommunityCore/CommunityCoreTests/MockRepositories/MatchRepositoryMock.swift,
				Frameworks/CommunityCore/CommunityCoreTests/UseCases/AuthUseCasesTests.swift,
				Frameworks/CommunityCore/CommunityCoreTests/UseCases/MatchUseCasesTests.swift,
				Frameworks/CommunityData/CommunityDataTests/Mocks/URLProtocolMock.swift,
				Frameworks/CommunityData/CommunityDataTests/Networking/CommunityNetworkClientTests.swift,
				Frameworks/CommunityData/CommunityDataTests/Repositories/AuthRepositoryTests.swift,
				Frameworks/CommunityData/CommunityDataTests/Repositories/MatchRepositoryTests.swift,
				Frameworks/CommunityUI/CommunityUITests/Mocks/AuthUseCasesProviderMock.swift,
				Frameworks/CommunityUI/CommunityUITests/Mocks/MapSearchServiceMock.swift,
				Frameworks/CommunityUI/CommunityUITests/Mocks/MatchUseCasesProviderMock.swift,
				Frameworks/CommunityUI/CommunityUITests/NavigationRouter/NavigationRouterTests.swift,
				Frameworks/CommunityUI/CommunityUITests/ViewModels/CreateMatchViewModelTests.swift,
				Frameworks/CommunityUI/CommunityUITests/ViewModels/DashboardViewModelTests.swift,
				Frameworks/CommunityUI/CommunityUITests/ViewModels/LoginViewModelTests.swift,
				Frameworks/CommunityUI/CommunityUITests/ViewModels/MatchDetailsViewModelTests.swift,
				Frameworks/CommunityUI/CommunityUITests/ViewModels/RegistrationViewModelTests.swift,
			);
			target = F3A0CD472F90EA2700B052F7 /* community_appTests */;
		};
		F344286C2F9F5E5C007CD99D /* Exceptions for "community_app" folder in "community_app" target */ = {
			isa = PBXFileSystemSynchronizedBuildFileExceptionSet;
			membershipExceptions = (
				Frameworks/CommunityCore/CommunityCoreTests/MockRepositories/AuthRepositoryMock.swift,
				Frameworks/CommunityCore/CommunityCoreTests/MockRepositories/MatchRepositoryMock.swift,
				Frameworks/CommunityCore/CommunityCoreTests/UseCases/AuthUseCasesTests.swift,
				Frameworks/CommunityCore/CommunityCoreTests/UseCases/MatchUseCasesTests.swift,
				Frameworks/CommunityData/CommunityDataTests/Mocks/URLProtocolMock.swift,
				Frameworks/CommunityData/CommunityDataTests/Networking/CommunityNetworkClientTests.swift,
				Frameworks/CommunityData/CommunityDataTests/Repositories/AuthRepositoryTests.swift,
				Frameworks/CommunityData/CommunityDataTests/Repositories/MatchRepositoryTests.swift,
				Frameworks/CommunityData/Source/CommunityData.docc,
				Frameworks/CommunityUI/CommunityUITests/Mocks/AuthUseCasesProviderMock.swift,
				Frameworks/CommunityUI/CommunityUITests/Mocks/MapSearchServiceMock.swift,
				Frameworks/CommunityUI/CommunityUITests/Mocks/MatchUseCasesProviderMock.swift,
				Frameworks/CommunityUI/CommunityUITests/NavigationRouter/NavigationRouterTests.swift,
				Frameworks/CommunityUI/CommunityUITests/ViewModels/CreateMatchViewModelTests.swift,
				Frameworks/CommunityUI/CommunityUITests/ViewModels/DashboardViewModelTests.swift,
				Frameworks/CommunityUI/CommunityUITests/ViewModels/LoginViewModelTests.swift,
				Frameworks/CommunityUI/CommunityUITests/ViewModels/MatchDetailsViewModelTests.swift,
				Frameworks/CommunityUI/CommunityUITests/ViewModels/RegistrationViewModelTests.swift,
				Frameworks/CommunityUI/Source/CommunityUI.docc,
			);
			target = F3A0CD3A2F90EA2600B052F7 /* community_app */;
		};
/* End PBXFileSystemSynchronizedBuildFileExceptionSet section */

/* Begin PBXFileSystemSynchronizedRootGroup section */
		F3A0CD3D2F90EA2600B052F7 /* community_app */ = {
			isa = PBXFileSystemSynchronizedRootGroup;
			exceptions = (
				F344286C2F9F5E5C007CD99D /* Exceptions for "community_app" folder in "community_app" target */,
				F32766EE2F9FEADA003BC9A8 /* Exceptions for "community_app" folder in "community_appTests" target */,
			);
			path = community_app;
			sourceTree = "<group>";
		};
/* End PBXFileSystemSynchronizedRootGroup section */

/* Begin PBXFrameworksBuildPhase section */
		F3A0CD382F90EA2600B052F7 /* Frameworks */ = {
			isa = PBXFrameworksBuildPhase;
			buildActionMask = 2147483647;
			files = (
				F32766232F9F77B0003BC9A8 /* CommunityUI.framework in Frameworks */,
				F3057A8C2FA00D21007297CC /* CommunityData.framework in Frameworks */,
				F32766C22F9FE8C2003BC9A8 /* CommunityCore.framework in Frameworks */,
			);
			runOnlyForDeploymentPostprocessing = 0;
		};
		F3A0CD452F90EA2700B052F7 /* Frameworks */ = {
			isa = PBXFrameworksBuildPhase;
			buildActionMask = 2147483647;
			files = (
				F32767602FA001A1003BC9A8 /* CommunityCore.framework in Frameworks */,
			);
			runOnlyForDeploymentPostprocessing = 0;
		};
/* End PBXFrameworksBuildPhase section */

/* Begin PBXGroup section */
		F3057A282FA00D0A007297CC /* Products */ = {
			isa = PBXGroup;
			children = (
			);
			name = Products;
			sourceTree = "<group>";
		};
		F3057A2A2FA00D0A007297CC /* Products */ = {
			isa = PBXGroup;
			children = (
			);
			name = Products;
			sourceTree = "<group>";
		};
		F3057A2C2FA00D0A007297CC /* Products */ = {
			isa = PBXGroup;
			children = (
			);
			name = Products;
			sourceTree = "<group>";
		};
		F3057C272FA011E6007297CC /* Products */ = {
			isa = PBXGroup;
			children = (
			);
			name = Products;
			sourceTree = "<group>";
		};
		F3057C292FA011E6007297CC /* Products */ = {
			isa = PBXGroup;
			children = (
			);
			name = Products;
			sourceTree = "<group>";
		};
		F3057C2B2FA011E6007297CC /* Products */ = {
			isa = PBXGroup;
			children = (
			);
			name = Products;
			sourceTree = "<group>";
		};
		F31E90C82FA23BA0007DBF65 /* Products */ = {
			isa = PBXGroup;
			children = (
			);
			name = Products;
			sourceTree = "<group>";
		};
		F31E90CA2FA23BA0007DBF65 /* Products */ = {
			isa = PBXGroup;
			children = (
			);
			name = Products;
			sourceTree = "<group>";
		};
		F31E90CC2FA23BA0007DBF65 /* Products */ = {
			isa = PBXGroup;
			children = (
			);
			name = Products;
			sourceTree = "<group>";
		};
		F32765662F9F7023003BC9A8 /* Products */ = {
			isa = PBXGroup;
			children = (
			);
			name = Products;
			sourceTree = "<group>";
		};
		F32765DB2F9F76FF003BC9A8 /* Products */ = {
			isa = PBXGroup;
			children = (
				F32765E32F9F76FF003BC9A8 /* CommunityUI.framework */,
			);
			name = Products;
			sourceTree = "<group>";
		};
		F32765E92F9F7700003BC9A8 /* Products */ = {
			isa = PBXGroup;
			children = (
			);
			name = Products;
			sourceTree = "<group>";
		};
		F327663F2F9F78CD003BC9A8 /* Products */ = {
			isa = PBXGroup;
			children = (
				F32766432F9F78CD003BC9A8 /* CommunityCore.framework */,
			);
			name = Products;
			sourceTree = "<group>";
		};
		F32766492F9F78CF003BC9A8 /* Products */ = {
			isa = PBXGroup;
			children = (
			);
			name = Products;
			sourceTree = "<group>";
		};
		F344278F2F9F52F0007CD99D /* Products */ = {
			isa = PBXGroup;
			children = (
			);
			name = Products;
			sourceTree = "<group>";
		};
		F344281E2F9F54AD007CD99D /* Products */ = {
			isa = PBXGroup;
			children = (
			);
			name = Products;
			sourceTree = "<group>";
		};
		F34428842F9F5F2A007CD99D /* Products */ = {
			isa = PBXGroup;
			children = (
				F3057A792FA00D12007297CC /* CommunityData.framework */,
			);
			name = Products;
			sourceTree = "<group>";
		};
		F344288B2F9F5F2A007CD99D /* Products */ = {
			isa = PBXGroup;
			children = (
			);
			name = Products;
			sourceTree = "<group>";
		};
		F3637B7D2FB491C700158B05 /* Products */ = {
			isa = PBXGroup;
			children = (
			);
			name = Products;
			sourceTree = "<group>";
		};
		F3637B7F2FB491C700158B05 /* Products */ = {
			isa = PBXGroup;
			children = (
			);
			name = Products;
			sourceTree = "<group>";
		};
		F3637B812FB491C700158B05 /* Products */ = {
			isa = PBXGroup;
			children = (
			);
			name = Products;
			sourceTree = "<group>";
		};
		F378449F2FA5346200CE581F /* Products */ = {
			isa = PBXGroup;
			children = (
			);
			name = Products;
			sourceTree = "<group>";
		};
		F37844A12FA5346200CE581F /* Products */ = {
			isa = PBXGroup;
			children = (
			);
			name = Products;
			sourceTree = "<group>";
		};
		F37844A32FA5346200CE581F /* Products */ = {
			isa = PBXGroup;
			children = (
			);
			name = Products;
			sourceTree = "<group>";
		};
		F37D60082F9D329C00E80151 /* Products */ = {
			isa = PBXGroup;
			children = (
			);
			name = Products;
			sourceTree = "<group>";
		};
		F37D60AD2F9DF72A00E80151 /* Products */ = {
			isa = PBXGroup;
			children = (
			);
			name = Products;
			sourceTree = "<group>";
		};
		F39223442FADCC8000327CC7 /* Products */ = {
			isa = PBXGroup;
			children = (
			);
			name = Products;
			sourceTree = "<group>";
		};
		F39223462FADCC8000327CC7 /* Products */ = {
			isa = PBXGroup;
			children = (
			);
			name = Products;
			sourceTree = "<group>";
		};
		F39223482FADCC8000327CC7 /* Products */ = {
			isa = PBXGroup;
			children = (
			);
			name = Products;
			sourceTree = "<group>";
		};
		F39225282FAE0A0400327CC7 /* Products */ = {
			isa = PBXGroup;
			children = (
			);
			name = Products;
			sourceTree = "<group>";
		};
		F392252A2FAE0A0400327CC7 /* Products */ = {
			isa = PBXGroup;
			children = (
			);
			name = Products;
			sourceTree = "<group>";
		};
		F392252C2FAE0A0400327CC7 /* Products */ = {
			isa = PBXGroup;
			children = (
			);
			name = Products;
			sourceTree = "<group>";
		};
		F39689812FA3EA58005BE3CD /* Products */ = {
			isa = PBXGroup;
			children = (
			);
			name = Products;
			sourceTree = "<group>";
		};
		F39689832FA3EA58005BE3CD /* Products */ = {
			isa = PBXGroup;
			children = (
			);
			name = Products;
			sourceTree = "<group>";
		};
		F39689852FA3EA58005BE3CD /* Products */ = {
			isa = PBXGroup;
			children = (
			);
			name = Products;
			sourceTree = "<group>";
		};
		F3A0CD322F90EA2600B052F7 = {
			isa = PBXGroup;
			children = (
				F327663E2F9F78CD003BC9A8 /* CommunityCore.xcodeproj */,
				F32765DA2F9F76FF003BC9A8 /* CommunityUI.xcodeproj */,
				F34428832F9F5F2A007CD99D /* CommunityData.xcodeproj */,
				F3ECC8032F9D1B530015F1BB /* community_app.xctestplan */,
				F3A0CD3D2F90EA2600B052F7 /* community_app */,
				F3A0CD802F90EB3E00B052F7 /* Frameworks */,
				F3A0CD3C2F90EA2600B052F7 /* Products */,
			);
			sourceTree = "<group>";
		};
		F3A0CD3C2F90EA2600B052F7 /* Products */ = {
			isa = PBXGroup;
			children = (
				F3A0CD3B2F90EA2600B052F7 /* community_app.app */,
				F3A0CD482F90EA2700B052F7 /* community_appTests.xctest */,
			);
			name = Products;
			sourceTree = "<group>";
		};
		F3A0CD802F90EB3E00B052F7 /* Frameworks */ = {
			isa = PBXGroup;
			children = (
			);
			name = Frameworks;
			sourceTree = "<group>";
		};
		F3DDFA372FACD197000DE75A /* Products */ = {
			isa = PBXGroup;
			children = (
			);
			name = Products;
			sourceTree = "<group>";
		};
		F3DDFA392FACD197000DE75A /* Products */ = {
			isa = PBXGroup;
			children = (
			);
			name = Products;
			sourceTree = "<group>";
		};
		F3DDFA3B2FACD197000DE75A /* Products */ = {
			isa = PBXGroup;
			children = (
			);
			name = Products;
			sourceTree = "<group>";
		};
		F3DF4AFB2FA5414800FEC2A8 /* Products */ = {
			isa = PBXGroup;
			children = (
			);
			name = Products;
			sourceTree = "<group>";
		};
		F3DF4AFD2FA5414800FEC2A8 /* Products */ = {
			isa = PBXGroup;
			children = (
			);
			name = Products;
			sourceTree = "<group>";
		};
		F3DF4AFF2FA5414800FEC2A8 /* Products */ = {
			isa = PBXGroup;
			children = (
			);
			name = Products;
			sourceTree = "<group>";
		};
		F3DF4CC62FA85B7500FEC2A8 /* Products */ = {
			isa = PBXGroup;
			children = (
			);
			name = Products;
			sourceTree = "<group>";
		};
		F3DF4CC82FA85B7500FEC2A8 /* Products */ = {
			isa = PBXGroup;
			children = (
			);
			name = Products;
			sourceTree = "<group>";
		};
		F3DF4CCA2FA85B7500FEC2A8 /* Products */ = {
			isa = PBXGroup;
			children = (
			);
			name = Products;
			sourceTree = "<group>";
		};
		F3E5D51A2F9E4A320059A283 /* Products */ = {
			isa = PBXGroup;
			children = (
			);
			name = Products;
			sourceTree = "<group>";
		};
		F3EB98C32FA0C72F00C04747 /* Products */ = {
			isa = PBXGroup;
			children = (
			);
			name = Products;
			sourceTree = "<group>";
		};
		F3EB98C52FA0C72F00C04747 /* Products */ = {
			isa = PBXGroup;
			children = (
			);
			name = Products;
			sourceTree = "<group>";
		};
		F3EB98C72FA0C72F00C04747 /* Products */ = {
			isa = PBXGroup;
			children = (
			);
			name = Products;
			sourceTree = "<group>";
		};
		F3EB99FA2FA0DA6000C04747 /* Products */ = {
			isa = PBXGroup;
			children = (
			);
			name = Products;
			sourceTree = "<group>";
		};
		F3EB99FC2FA0DA6000C04747 /* Products */ = {
			isa = PBXGroup;
			children = (
			);
			name = Products;
			sourceTree = "<group>";
		};
		F3EB99FE2FA0DA6000C04747 /* Products */ = {
			isa = PBXGroup;
			children = (
			);
			name = Products;
			sourceTree = "<group>";
		};
		F3ECC7942F9CBA4C0015F1BB /* Products */ = {
			isa = PBXGroup;
			children = (
			);
			name = Products;
			sourceTree = "<group>";
		};
		F3F74CF42F9E17D400E3CCF1 /* Products */ = {
			isa = PBXGroup;
			children = (
			);
			name = Products;
			sourceTree = "<group>";
		};
		F3FAEE622FA3360B00869628 /* Products */ = {
			isa = PBXGroup;
			children = (
			);
			name = Products;
			sourceTree = "<group>";
		};
		F3FAEE642FA3360B00869628 /* Products */ = {
			isa = PBXGroup;
			children = (
			);
			name = Products;
			sourceTree = "<group>";
		};
		F3FAEE662FA3360B00869628 /* Products */ = {
			isa = PBXGroup;
			children = (
			);
			name = Products;
			sourceTree = "<group>";
		};
		F3FAEFB22FA3897600869628 /* Products */ = {
			isa = PBXGroup;
			children = (
			);
			name = Products;
			sourceTree = "<group>";
		};
		F3FAEFB42FA3897600869628 /* Products */ = {
			isa = PBXGroup;
			children = (
			);
			name = Products;
			sourceTree = "<group>";
		};
		F3FAEFB62FA3897600869628 /* Products */ = {
			isa = PBXGroup;
			children = (
			);
			name = Products;
			sourceTree = "<group>";
		};
/* End PBXGroup section */

/* Begin PBXNativeTarget section */
		F3A0CD3A2F90EA2600B052F7 /* community_app */ = {
			isa = PBXNativeTarget;
			buildConfigurationList = F3A0CD5C2F90EA2700B052F7 /* Build configuration list for PBXNativeTarget "community_app" */;
			buildPhases = (
				F37D60D62F9E0BE300E80151 /* Run SwiftLint Script */,
				F3A0CD372F90EA2600B052F7 /* Sources */,
				F3A0CD382F90EA2600B052F7 /* Frameworks */,
				F3A0CD392F90EA2600B052F7 /* Resources */,
				F32766252F9F77B0003BC9A8 /* Embed Frameworks */,
			);
			buildRules = (
			);
			dependencies = (
			);
			fileSystemSynchronizedGroups = (
				F3A0CD3D2F90EA2600B052F7 /* community_app */,
			);
			name = community_app;
			packageProductDependencies = (
			);
			productName = community_app;
			productReference = F3A0CD3B2F90EA2600B052F7 /* community_app.app */;
			productType = "com.apple.product-type.application";
		};
		F3A0CD472F90EA2700B052F7 /* community_appTests */ = {
			isa = PBXNativeTarget;
			buildConfigurationList = F3A0CD5F2F90EA2700B052F7 /* Build configuration list for PBXNativeTarget "community_appTests" */;
			buildPhases = (
				F3A0CD442F90EA2700B052F7 /* Sources */,
				F3A0CD452F90EA2700B052F7 /* Frameworks */,
				F3A0CD462F90EA2700B052F7 /* Resources */,
				F327675F2FA0000B003BC9A8 /* Embed Frameworks */,
			);
			buildRules = (
			);
			dependencies = (
				F3A0CD4A2F90EA2700B052F7 /* PBXTargetDependency */,
			);
			name = community_appTests;
			packageProductDependencies = (
			);
			productName = community_appTests;
			productReference = F3A0CD482F90EA2700B052F7 /* community_appTests.xctest */;
			productType = "com.apple.product-type.bundle.unit-test";
		};
/* End PBXNativeTarget section */

/* Begin PBXProject section */
		F3A0CD332F90EA2600B052F7 /* Project object */ = {
			isa = PBXProject;
			attributes = {
				BuildIndependentTargetsInParallel = 1;
				LastSwiftUpdateCheck = 2600;
				LastUpgradeCheck = 2600;
				TargetAttributes = {
					F3A0CD3A2F90EA2600B052F7 = {
						CreatedOnToolsVersion = 26.0;
					};
					F3A0CD472F90EA2700B052F7 = {
						CreatedOnToolsVersion = 26.0;
						TestTargetID = F3A0CD3A2F90EA2600B052F7;
					};
				};
			};
			buildConfigurationList = F3A0CD362F90EA2600B052F7 /* Build configuration list for PBXProject "community_app" */;
			developmentRegion = en;
			hasScannedForEncodings = 0;
			knownRegions = (
				en,
				Base,
			);
			mainGroup = F3A0CD322F90EA2600B052F7;
			minimizedProjectReferenceProxies = 1;
			packageReferences = (
			);
			preferredProjectObjectVersion = 77;
			productRefGroup = F3A0CD3C2F90EA2600B052F7 /* Products */;
			projectDirPath = "";
			projectReferences = (
				{
					ProductGroup = F392252A2FAE0A0400327CC7 /* Products */;
					ProjectRef = F39224D32FAE0A0400327CC7 /* CommunityCore.xcodeproj */;
				},
				{
					ProductGroup = F31E90CA2FA23BA0007DBF65 /* Products */;
					ProjectRef = F31E908C2FA23BA0007DBF65 /* CommunityCore.xcodeproj */;
				},
				{
					ProductGroup = F3DDFA392FACD197000DE75A /* Products */;
					ProjectRef = F3DDF9E52FACD197000DE75A /* CommunityCore.xcodeproj */;
				},
				{
					ProductGroup = F39223482FADCC8000327CC7 /* Products */;
					ProjectRef = F39222F22FADCC8000327CC7 /* CommunityCore.xcodeproj */;
				},
				{
					ProductGroup = F32766492F9F78CF003BC9A8 /* Products */;
					ProjectRef = F32766472F9F78CF003BC9A8 /* CommunityCore.xcodeproj */;
				},
				{
					ProductGroup = F3FAEFB42FA3897600869628 /* Products */;
					ProjectRef = F3FAEF742FA3897600869628 /* CommunityCore.xcodeproj */;
				},
				{
					ProductGroup = F39689852FA3EA58005BE3CD /* Products */;
					ProjectRef = F396893C2FA3EA58005BE3CD /* CommunityCore.xcodeproj */;
				},
				{
					ProductGroup = F327663F2F9F78CD003BC9A8 /* Products */;
					ProjectRef = F327663E2F9F78CD003BC9A8 /* CommunityCore.xcodeproj */;
				},
				{
					ProductGroup = F3057C272FA011E6007297CC /* Products */;
					ProjectRef = F3057BF92FA011E6007297CC /* CommunityCore.xcodeproj */;
				},
				{
					ProductGroup = F3DF4AFF2FA5414800FEC2A8 /* Products */;
					ProjectRef = F3DF4AB02FA5414800FEC2A8 /* CommunityCore.xcodeproj */;
				},
				{
					ProductGroup = F3EB98C72FA0C72F00C04747 /* Products */;
					ProjectRef = F3EB98942FA0C72F00C04747 /* CommunityCore.xcodeproj */;
				},
				{
					ProductGroup = F378449F2FA5346200CE581F /* Products */;
					ProjectRef = F37844542FA5346200CE581F /* CommunityCore.xcodeproj */;
				},
				{
					ProductGroup = F3FAEE622FA3360B00869628 /* Products */;
					ProjectRef = F3FAEE262FA3360B00869628 /* CommunityCore.xcodeproj */;
				},
				{
					ProductGroup = F3EB99FC2FA0DA6000C04747 /* Products */;
					ProjectRef = F3EB99C62FA0DA6000C04747 /* CommunityCore.xcodeproj */;
				},
				{
					ProductGroup = F3637B812FB491C700158B05 /* Products */;
					ProjectRef = F3637B282FB491C700158B05 /* CommunityCore.xcodeproj */;
				},
				{
					ProductGroup = F3DF4CC62FA85B7500FEC2A8 /* Products */;
					ProjectRef = F3DF4C782FA85B7500FEC2A8 /* CommunityCore.xcodeproj */;
				},
				{
					ProductGroup = F3057A2C2FA00D0A007297CC /* Products */;
					ProjectRef = F30579FA2FA00D0A007297CC /* CommunityCore.xcodeproj */;
				},
				{
					ProductGroup = F37844A32FA5346200CE581F /* Products */;
					ProjectRef = F37844712FA5346200CE581F /* CommunityData.xcodeproj */;
				},
				{
					ProductGroup = F3DF4AFD2FA5414800FEC2A8 /* Products */;
					ProjectRef = F3DF4ACD2FA5414800FEC2A8 /* CommunityData.xcodeproj */;
				},
				{
					ProductGroup = F39689812FA3EA58005BE3CD /* Products */;
					ProjectRef = F39689572FA3EA58005BE3CD /* CommunityData.xcodeproj */;
				},
				{
					ProductGroup = F34428842F9F5F2A007CD99D /* Products */;
					ProjectRef = F34428832F9F5F2A007CD99D /* CommunityData.xcodeproj */;
				},
				{
					ProductGroup = F39223442FADCC8000327CC7 /* Products */;
					ProjectRef = F39223112FADCC8000327CC7 /* CommunityData.xcodeproj */;
				},
				{
					ProductGroup = F3057A2A2FA00D0A007297CC /* Products */;
					ProjectRef = F3057A0C2FA00D0A007297CC /* CommunityData.xcodeproj */;
				},
				{
					ProductGroup = F344288B2F9F5F2A007CD99D /* Products */;
					ProjectRef = F34428892F9F5F2A007CD99D /* CommunityData.xcodeproj */;
				},
				{
					ProductGroup = F3EB98C32FA0C72F00C04747 /* Products */;
					ProjectRef = F3EB98A72FA0C72F00C04747 /* CommunityData.xcodeproj */;
				},
				{
					ProductGroup = F3FAEFB22FA3897600869628 /* Products */;
					ProjectRef = F3FAEF8D2FA3897600869628 /* CommunityData.xcodeproj */;
				},
				{
					ProductGroup = F3637B7F2FB491C700158B05 /* Products */;
					ProjectRef = F3637B472FB491C700158B05 /* CommunityData.xcodeproj */;
				},
				{
					ProductGroup = F3057C292FA011E6007297CC /* Products */;
					ProjectRef = F3057C0B2FA011E6007297CC /* CommunityData.xcodeproj */;
				},
				{
					ProductGroup = F3DF4CCA2FA85B7500FEC2A8 /* Products */;
					ProjectRef = F3DF4C952FA85B7500FEC2A8 /* CommunityData.xcodeproj */;
				},
				{
					ProductGroup = F39225282FAE0A0400327CC7 /* Products */;
					ProjectRef = F39224F22FAE0A0400327CC7 /* CommunityData.xcodeproj */;
				},
				{
					ProductGroup = F3EB99FA2FA0DA6000C04747 /* Products */;
					ProjectRef = F3EB99DE2FA0DA6000C04747 /* CommunityData.xcodeproj */;
				},
				{
					ProductGroup = F3FAEE642FA3360B00869628 /* Products */;
					ProjectRef = F3FAEE3E2FA3360B00869628 /* CommunityData.xcodeproj */;
				},
				{
					ProductGroup = F32765662F9F7023003BC9A8 /* Products */;
					ProjectRef = F327654E2F9F7023003BC9A8 /* CommunityData.xcodeproj */;
				},
				{
					ProductGroup = F31E90C82FA23BA0007DBF65 /* Products */;
					ProjectRef = F31E90A42FA23BA0007DBF65 /* CommunityData.xcodeproj */;
				},
				{
					ProductGroup = F3DDFA3B2FACD197000DE75A /* Products */;
					ProjectRef = F3DDFA042FACD197000DE75A /* CommunityData.xcodeproj */;
				},
				{
					ProductGroup = F3DF4AFB2FA5414800FEC2A8 /* Products */;
					ProjectRef = F3DF4AF82FA5414800FEC2A8 /* CommunityUI.xcodeproj */;
				},
				{
					ProductGroup = F3FAEE662FA3360B00869628 /* Products */;
					ProjectRef = F3FAEE5F2FA3360B00869628 /* CommunityUI.xcodeproj */;
				},
				{
					ProductGroup = F3637B7D2FB491C700158B05 /* Products */;
					ProjectRef = F3637B7A2FB491C700158B05 /* CommunityUI.xcodeproj */;
				},
				{
					ProductGroup = F3057A282FA00D0A007297CC /* Products */;
					ProjectRef = F3057A252FA00D0A007297CC /* CommunityUI.xcodeproj */;
				},
				{
					ProductGroup = F39223462FADCC8000327CC7 /* Products */;
					ProjectRef = F39223412FADCC8000327CC7 /* CommunityUI.xcodeproj */;
				},
				{
					ProductGroup = F3EB99FE2FA0DA6000C04747 /* Products */;
					ProjectRef = F3EB99F72FA0DA6000C04747 /* CommunityUI.xcodeproj */;
				},
				{
					ProductGroup = F39689832FA3EA58005BE3CD /* Products */;
					ProjectRef = F396897E2FA3EA58005BE3CD /* CommunityUI.xcodeproj */;
				},
				{
					ProductGroup = F3FAEFB62FA3897600869628 /* Products */;
					ProjectRef = F3FAEFAF2FA3897600869628 /* CommunityUI.xcodeproj */;
				},
				{
					ProductGroup = F32765DB2F9F76FF003BC9A8 /* Products */;
					ProjectRef = F32765DA2F9F76FF003BC9A8 /* CommunityUI.xcodeproj */;
				},
				{
					ProductGroup = F3057C2B2FA011E6007297CC /* Products */;
					ProjectRef = F3057C242FA011E6007297CC /* CommunityUI.xcodeproj */;
				},
				{
					ProductGroup = F3DF4CC82FA85B7500FEC2A8 /* Products */;
					ProjectRef = F3DF4CC32FA85B7500FEC2A8 /* CommunityUI.xcodeproj */;
				},
				{
					ProductGroup = F392252C2FAE0A0400327CC7 /* Products */;
					ProjectRef = F39225252FAE0A0400327CC7 /* CommunityUI.xcodeproj */;
				},
				{
					ProductGroup = F3EB98C52FA0C72F00C04747 /* Products */;
					ProjectRef = F3EB98C02FA0C72F00C04747 /* CommunityUI.xcodeproj */;
				},
				{
					ProductGroup = F37844A12FA5346200CE581F /* Products */;
					ProjectRef = F378449C2FA5346200CE581F /* CommunityUI.xcodeproj */;
				},
				{
					ProductGroup = F31E90CC2FA23BA0007DBF65 /* Products */;
					ProjectRef = F31E90C52FA23BA0007DBF65 /* CommunityUI.xcodeproj */;
				},
				{
					ProductGroup = F3DDFA372FACD197000DE75A /* Products */;
					ProjectRef = F3DDFA342FACD197000DE75A /* CommunityUI.xcodeproj */;
				},
				{
					ProductGroup = F32765E92F9F7700003BC9A8 /* Products */;
					ProjectRef = F32765E72F9F7700003BC9A8 /* CommunityUI.xcodeproj */;
				},
				{
					ProductGroup = F344281E2F9F54AD007CD99D /* Products */;
					ProjectRef = F344281C2F9F54AD007CD99D /* Core.xcodeproj */;
				},
				{
					ProductGroup = F3ECC7942F9CBA4C0015F1BB /* Products */;
					ProjectRef = F3ECC7922F9CBA4C0015F1BB /* UI.xcodeproj */;
				},
				{
					ProductGroup = F3E5D51A2F9E4A320059A283 /* Products */;
					ProjectRef = F3E5D5152F9E4A320059A283 /* UI.xcodeproj */;
				},
				{
					ProductGroup = F37D60082F9D329C00E80151 /* Products */;
					ProjectRef = F37D60022F9D329C00E80151 /* UI.xcodeproj */;
				},
				{
					ProductGroup = F37D60AD2F9DF72A00E80151 /* Products */;
					ProjectRef = F37D60A82F9DF72A00E80151 /* UI.xcodeproj */;
				},
				{
					ProductGroup = F3F74CF42F9E17D400E3CCF1 /* Products */;
					ProjectRef = F3F74CEF2F9E17D400E3CCF1 /* UI.xcodeproj */;
				},
				{
					ProductGroup = F344278F2F9F52F0007CD99D /* Products */;
					ProjectRef = F344278C2F9F52F0007CD99D /* UI.xcodeproj */;
				},
			);
			projectRoot = "";
			targets = (
				F3A0CD3A2F90EA2600B052F7 /* community_app */,
				F3A0CD472F90EA2700B052F7 /* community_appTests */,
			);
		};
/* End PBXProject section */

/* Begin PBXReferenceProxy section */
		F3057A792FA00D12007297CC /* CommunityData.framework */ = {
			isa = PBXReferenceProxy;
			fileType = wrapper.framework;
			path = CommunityData.framework;
			remoteRef = F3057A782FA00D12007297CC /* PBXContainerItemProxy */;
			sourceTree = BUILT_PRODUCTS_DIR;
		};
		F32765E32F9F76FF003BC9A8 /* CommunityUI.framework */ = {
			isa = PBXReferenceProxy;
			fileType = wrapper.framework;
			path = CommunityUI.framework;
			remoteRef = F32765E22F9F76FF003BC9A8 /* PBXContainerItemProxy */;
			sourceTree = BUILT_PRODUCTS_DIR;
		};
		F32766432F9F78CD003BC9A8 /* CommunityCore.framework */ = {
			isa = PBXReferenceProxy;
			fileType = wrapper.framework;
			path = CommunityCore.framework;
			remoteRef = F32766422F9F78CD003BC9A8 /* PBXContainerItemProxy */;
			sourceTree = BUILT_PRODUCTS_DIR;
		};
/* End PBXReferenceProxy section */

/* Begin PBXResourcesBuildPhase section */
		F3A0CD392F90EA2600B052F7 /* Resources */ = {
			isa = PBXResourcesBuildPhase;
			buildActionMask = 2147483647;
			files = (
			);
			runOnlyForDeploymentPostprocessing = 0;
		};
		F3A0CD462F90EA2700B052F7 /* Resources */ = {
			isa = PBXResourcesBuildPhase;
			buildActionMask = 2147483647;
			files = (
			);
			runOnlyForDeploymentPostprocessing = 0;
		};
/* End PBXResourcesBuildPhase section */

/* Begin PBXShellScriptBuildPhase section */
		F37D60D62F9E0BE300E80151 /* Run SwiftLint Script */ = {
			isa = PBXShellScriptBuildPhase;
			alwaysOutOfDate = 1;
			buildActionMask = 2147483647;
			files = (
			);
			inputFileListPaths = (
			);
			inputPaths = (
				"$(SRCROOT)/.swiftlint.yml",
				"$(SRCROOT)/community_app",
			);
			name = "Run SwiftLint Script";
			outputFileListPaths = (
			);
			outputPaths = (
			);
			runOnlyForDeploymentPostprocessing = 0;
			shellPath = /bin/sh;
			shellScript = "export PATH=\"$PATH:/opt/homebrew/bin\"\n\nROOT_DIR=\"${SRCROOT}/..\"\n\ncd \"$ROOT_DIR\" || exit 1\n\nif which swiftlint >/dev/null; then\n  swiftlint --config .swiftlint.yml\nelse\n  echo \"warning: SwiftLint not installed, download from https://github.com/realm/SwiftLint\"\nfi\n";
		};
/* End PBXShellScriptBuildPhase section */

/* Begin PBXSourcesBuildPhase section */
		F3A0CD372F90EA2600B052F7 /* Sources */ = {
			isa = PBXSourcesBuildPhase;
			buildActionMask = 2147483647;
			files = (
			);
			runOnlyForDeploymentPostprocessing = 0;
		};
		F3A0CD442F90EA2700B052F7 /* Sources */ = {
			isa = PBXSourcesBuildPhase;
			buildActionMask = 2147483647;
			files = (
			);
			runOnlyForDeploymentPostprocessing = 0;
		};
/* End PBXSourcesBuildPhase section */

/* Begin PBXTargetDependency section */
		F3A0CD4A2F90EA2700B052F7 /* PBXTargetDependency */ = {
			isa = PBXTargetDependency;
			target = F3A0CD3A2F90EA2600B052F7 /* community_app */;
			targetProxy = F3A0CD492F90EA2700B052F7 /* PBXContainerItemProxy */;
		};
/* End PBXTargetDependency section */

/* Begin XCBuildConfiguration section */
		F3A0CD5A2F90EA2700B052F7 /* Debug */ = {
			isa = XCBuildConfiguration;
			buildSettings = {
				ALWAYS_SEARCH_USER_PATHS = NO;
				ASSETCATALOG_COMPILER_GENERATE_SWIFT_ASSET_SYMBOL_EXTENSIONS = YES;
				CLANG_ANALYZER_NONNULL = YES;
				CLANG_ANALYZER_NUMBER_OBJECT_CONVERSION = YES_AGGRESSIVE;
				CLANG_CXX_LANGUAGE_STANDARD = "gnu++20";
				CLANG_ENABLE_MODULES = YES;
				CLANG_ENABLE_OBJC_ARC = YES;
				CLANG_ENABLE_OBJC_WEAK = YES;
				CLANG_WARN_BLOCK_CAPTURE_AUTORELEASING = YES;
				CLANG_WARN_BOOL_CONVERSION = YES;
				CLANG_WARN_COMMA = YES;
				CLANG_WARN_CONSTANT_CONVERSION = YES;
				CLANG_WARN_DEPRECATED_OBJC_IMPLEMENTATIONS = YES;
				CLANG_WARN_DIRECT_OBJC_ISA_USAGE = YES_ERROR;
				CLANG_WARN_DOCUMENTATION_COMMENTS = YES;
				CLANG_WARN_EMPTY_BODY = YES;
				CLANG_WARN_ENUM_CONVERSION = YES;
				CLANG_WARN_INFINITE_RECURSION = YES;
				CLANG_WARN_INT_CONVERSION = YES;
				CLANG_WARN_NON_LITERAL_NULL_CONVERSION = YES;
				CLANG_WARN_OBJC_IMPLICIT_RETAIN_SELF = YES;
				CLANG_WARN_OBJC_LITERAL_CONVERSION = YES;
				CLANG_WARN_OBJC_ROOT_CLASS = YES_ERROR;
				CLANG_WARN_QUOTED_INCLUDE_IN_FRAMEWORK_HEADER = YES;
				CLANG_WARN_RANGE_LOOP_ANALYSIS = YES;
				CLANG_WARN_STRICT_PROTOTYPES = YES;
				CLANG_WARN_SUSPICIOUS_MOVE = YES;
				CLANG_WARN_UNGUARDED_AVAILABILITY = YES_AGGRESSIVE;
				CLANG_WARN_UNREACHABLE_CODE = YES;
				CLANG_WARN__DUPLICATE_METHOD_MATCH = YES;
				COPY_PHASE_STRIP = NO;
				DEBUG_INFORMATION_FORMAT = dwarf;
				ENABLE_STRICT_OBJC_MSGSEND = YES;
				ENABLE_TESTABILITY = YES;
				ENABLE_USER_SCRIPT_SANDBOXING = YES;
				GCC_C_LANGUAGE_STANDARD = gnu17;
				GCC_DYNAMIC_NO_PIC = NO;
				GCC_NO_COMMON_BLOCKS = YES;
				GCC_OPTIMIZATION_LEVEL = 0;
				GCC_PREPROCESSOR_DEFINITIONS = (
					"DEBUG=1",
					"$(inherited)",
				);
				GCC_WARN_64_TO_32_BIT_CONVERSION = YES;
				GCC_WARN_ABOUT_RETURN_TYPE = YES_ERROR;
				GCC_WARN_UNDECLARED_SELECTOR = YES;
				GCC_WARN_UNINITIALIZED_AUTOS = YES_AGGRESSIVE;
				GCC_WARN_UNUSED_FUNCTION = YES;
				GCC_WARN_UNUSED_VARIABLE = YES;
				IPHONEOS_DEPLOYMENT_TARGET = 26.0;
				LOCALIZATION_PREFERS_STRING_CATALOGS = YES;
				MTL_ENABLE_DEBUG_INFO = INCLUDE_SOURCE;
				MTL_FAST_MATH = YES;
				ONLY_ACTIVE_ARCH = YES;
				SDKROOT = iphoneos;
				SWIFT_ACTIVE_COMPILATION_CONDITIONS = "DEBUG $(inherited)";
				SWIFT_OPTIMIZATION_LEVEL = "-Onone";
			};
			name = Debug;
		};
		F3A0CD5B2F90EA2700B052F7 /* Release */ = {
			isa = XCBuildConfiguration;
			buildSettings = {
				ALWAYS_SEARCH_USER_PATHS = NO;
				ASSETCATALOG_COMPILER_GENERATE_SWIFT_ASSET_SYMBOL_EXTENSIONS = YES;
				CLANG_ANALYZER_NONNULL = YES;
				CLANG_ANALYZER_NUMBER_OBJECT_CONVERSION = YES_AGGRESSIVE;
				CLANG_CXX_LANGUAGE_STANDARD = "gnu++20";
				CLANG_ENABLE_MODULES = YES;
				CLANG_ENABLE_OBJC_ARC = YES;
				CLANG_ENABLE_OBJC_WEAK = YES;
				CLANG_WARN_BLOCK_CAPTURE_AUTORELEASING = YES;
				CLANG_WARN_BOOL_CONVERSION = YES;
				CLANG_WARN_COMMA = YES;
				CLANG_WARN_CONSTANT_CONVERSION = YES;
				CLANG_WARN_DEPRECATED_OBJC_IMPLEMENTATIONS = YES;
				CLANG_WARN_DIRECT_OBJC_ISA_USAGE = YES_ERROR;
				CLANG_WARN_DOCUMENTATION_COMMENTS = YES;
				CLANG_WARN_EMPTY_BODY = YES;
				CLANG_WARN_ENUM_CONVERSION = YES;
				CLANG_WARN_INFINITE_RECURSION = YES;
				CLANG_WARN_INT_CONVERSION = YES;
				CLANG_WARN_NON_LITERAL_NULL_CONVERSION = YES;
				CLANG_WARN_OBJC_IMPLICIT_RETAIN_SELF = YES;
				CLANG_WARN_OBJC_LITERAL_CONVERSION = YES;
				CLANG_WARN_OBJC_ROOT_CLASS = YES_ERROR;
				CLANG_WARN_QUOTED_INCLUDE_IN_FRAMEWORK_HEADER = YES;
				CLANG_WARN_RANGE_LOOP_ANALYSIS = YES;
				CLANG_WARN_STRICT_PROTOTYPES = YES;
				CLANG_WARN_SUSPICIOUS_MOVE = YES;
				CLANG_WARN_UNGUARDED_AVAILABILITY = YES_AGGRESSIVE;
				CLANG_WARN_UNREACHABLE_CODE = YES;
				CLANG_WARN__DUPLICATE_METHOD_MATCH = YES;
				COPY_PHASE_STRIP = NO;
				DEBUG_INFORMATION_FORMAT = "dwarf-with-dsym";
				ENABLE_NS_ASSERTIONS = NO;
				ENABLE_STRICT_OBJC_MSGSEND = YES;
				ENABLE_USER_SCRIPT_SANDBOXING = YES;
				GCC_C_LANGUAGE_STANDARD = gnu17;
				GCC_NO_COMMON_BLOCKS = YES;
				GCC_WARN_64_TO_32_BIT_CONVERSION = YES;
				GCC_WARN_ABOUT_RETURN_TYPE = YES_ERROR;
				GCC_WARN_UNDECLARED_SELECTOR = YES;
				GCC_WARN_UNINITIALIZED_AUTOS = YES_AGGRESSIVE;
				GCC_WARN_UNUSED_FUNCTION = YES;
				GCC_WARN_UNUSED_VARIABLE = YES;
				IPHONEOS_DEPLOYMENT_TARGET = 26.0;
				LOCALIZATION_PREFERS_STRING_CATALOGS = YES;
				MTL_ENABLE_DEBUG_INFO = NO;
				MTL_FAST_MATH = YES;
				SDKROOT = iphoneos;
				SWIFT_COMPILATION_MODE = wholemodule;
				VALIDATE_PRODUCT = YES;
			};
			name = Release;
		};
		F3A0CD5D2F90EA2700B052F7 /* Debug */ = {
			isa = XCBuildConfiguration;
			buildSettings = {
				ASSETCATALOG_COMPILER_APPICON_NAME = AppIcon;
				ASSETCATALOG_COMPILER_GLOBAL_ACCENT_COLOR_NAME = AccentColor;
				CODE_SIGN_STYLE = Automatic;
				CURRENT_PROJECT_VERSION = 1;
				ENABLE_PREVIEWS = YES;
				ENABLE_USER_SCRIPT_SANDBOXING = NO;
				EXCLUDED_SOURCE_FILE_NAMES = "*.docc";
				GENERATE_INFOPLIST_FILE = YES;
				INFOPLIST_KEY_CFBundleDisplayName = QuickPass;
				INFOPLIST_KEY_UIApplicationSceneManifest_Generation = YES;
				INFOPLIST_KEY_UIApplicationSupportsIndirectInputEvents = YES;
				INFOPLIST_KEY_UILaunchScreen_Generation = YES;
				INFOPLIST_KEY_UISupportedInterfaceOrientations_iPad = "UIInterfaceOrientationPortrait UIInterfaceOrientationPortraitUpsideDown UIInterfaceOrientationLandscapeLeft UIInterfaceOrientationLandscapeRight";
				INFOPLIST_KEY_UISupportedInterfaceOrientations_iPhone = "UIInterfaceOrientationPortrait UIInterfaceOrientationLandscapeLeft UIInterfaceOrientationLandscapeRight";
				IPHONEOS_DEPLOYMENT_TARGET = 17.6;
				LD_RUNPATH_SEARCH_PATHS = (
					"$(inherited)",
					"@executable_path/Frameworks",
				);
				MARKETING_VERSION = 1.0;
				PRODUCT_BUNDLE_IDENTIFIER = "com.mistcreation.community-app";
				PRODUCT_NAME = "$(TARGET_NAME)";
				STRING_CATALOG_GENERATE_SYMBOLS = YES;
				SUPPORTED_PLATFORMS = "iphoneos iphonesimulator";
				SUPPORTS_MACCATALYST = NO;
				SUPPORTS_MAC_DESIGNED_FOR_IPHONE_IPAD = NO;
				SUPPORTS_XR_DESIGNED_FOR_IPHONE_IPAD = NO;
				SWIFT_APPROACHABLE_CONCURRENCY = YES;
				SWIFT_DEFAULT_ACTOR_ISOLATION = MainActor;
				SWIFT_EMIT_LOC_STRINGS = YES;
				SWIFT_UPCOMING_FEATURE_MEMBER_IMPORT_VISIBILITY = YES;
				SWIFT_VERSION = 5.0;
				TARGETED_DEVICE_FAMILY = "1,2";
			};
			name = Debug;
		};
		F3A0CD5E2F90EA2700B052F7 /* Release */ = {
			isa = XCBuildConfiguration;
			buildSettings = {
				ASSETCATALOG_COMPILER_APPICON_NAME = AppIcon;
				ASSETCATALOG_COMPILER_GLOBAL_ACCENT_COLOR_NAME = AccentColor;
				CODE_SIGN_STYLE = Automatic;
				CURRENT_PROJECT_VERSION = 1;
				ENABLE_PREVIEWS = YES;
				ENABLE_USER_SCRIPT_SANDBOXING = NO;
				EXCLUDED_SOURCE_FILE_NAMES = "*.docc";
				GENERATE_INFOPLIST_FILE = YES;
				INFOPLIST_KEY_CFBundleDisplayName = QuickPass;
				INFOPLIST_KEY_UIApplicationSceneManifest_Generation = YES;
				INFOPLIST_KEY_UIApplicationSupportsIndirectInputEvents = YES;
				INFOPLIST_KEY_UILaunchScreen_Generation = YES;
				INFOPLIST_KEY_UISupportedInterfaceOrientations_iPad = "UIInterfaceOrientationPortrait UIInterfaceOrientationPortraitUpsideDown UIInterfaceOrientationLandscapeLeft UIInterfaceOrientationLandscapeRight";
				INFOPLIST_KEY_UISupportedInterfaceOrientations_iPhone = "UIInterfaceOrientationPortrait UIInterfaceOrientationLandscapeLeft UIInterfaceOrientationLandscapeRight";
				IPHONEOS_DEPLOYMENT_TARGET = 17.6;
				LD_RUNPATH_SEARCH_PATHS = (
					"$(inherited)",
					"@executable_path/Frameworks",
				);
				MARKETING_VERSION = 1.0;
				PRODUCT_BUNDLE_IDENTIFIER = "com.mistcreation.community-app";
				PRODUCT_NAME = "$(TARGET_NAME)";
				STRING_CATALOG_GENERATE_SYMBOLS = YES;
				SUPPORTED_PLATFORMS = "iphoneos iphonesimulator";
				SUPPORTS_MACCATALYST = NO;
				SUPPORTS_MAC_DESIGNED_FOR_IPHONE_IPAD = NO;
				SUPPORTS_XR_DESIGNED_FOR_IPHONE_IPAD = NO;
				SWIFT_APPROACHABLE_CONCURRENCY = YES;
				SWIFT_DEFAULT_ACTOR_ISOLATION = MainActor;
				SWIFT_EMIT_LOC_STRINGS = YES;
				SWIFT_UPCOMING_FEATURE_MEMBER_IMPORT_VISIBILITY = YES;
				SWIFT_VERSION = 5.0;
				TARGETED_DEVICE_FAMILY = "1,2";
			};
			name = Release;
		};
		F3A0CD602F90EA2700B052F7 /* Debug */ = {
			isa = XCBuildConfiguration;
			buildSettings = {
				BUNDLE_LOADER = "$(TEST_HOST)";
				CODE_SIGN_STYLE = Automatic;
				CURRENT_PROJECT_VERSION = 1;
				GENERATE_INFOPLIST_FILE = YES;
				IPHONEOS_DEPLOYMENT_TARGET = 17.6;
				MARKETING_VERSION = 1.0;
				PRODUCT_BUNDLE_IDENTIFIER = "com.mistcreation.community-appTests";
				PRODUCT_NAME = "$(TARGET_NAME)";
				STRING_CATALOG_GENERATE_SYMBOLS = NO;
				SUPPORTED_PLATFORMS = "iphoneos iphonesimulator";
				SUPPORTS_MACCATALYST = NO;
				SUPPORTS_MAC_DESIGNED_FOR_IPHONE_IPAD = NO;
				SUPPORTS_XR_DESIGNED_FOR_IPHONE_IPAD = NO;
				SWIFT_APPROACHABLE_CONCURRENCY = YES;
				SWIFT_EMIT_LOC_STRINGS = NO;
				SWIFT_UPCOMING_FEATURE_MEMBER_IMPORT_VISIBILITY = YES;
				SWIFT_VERSION = 5.0;
				TARGETED_DEVICE_FAMILY = "1,2";
				TEST_HOST = "$(BUILT_PRODUCTS_DIR)/community_app.app/$(BUNDLE_EXECUTABLE_FOLDER_PATH)/community_app";
			};
			name = Debug;
		};
		F3A0CD612F90EA2700B052F7 /* Release */ = {
			isa = XCBuildConfiguration;
			buildSettings = {
				BUNDLE_LOADER = "$(TEST_HOST)";
				CODE_SIGN_STYLE = Automatic;
				CURRENT_PROJECT_VERSION = 1;
				GENERATE_INFOPLIST_FILE = YES;
				IPHONEOS_DEPLOYMENT_TARGET = 17.6;
				MARKETING_VERSION = 1.0;
				PRODUCT_BUNDLE_IDENTIFIER = "com.mistcreation.community-appTests";
				PRODUCT_NAME = "$(TARGET_NAME)";
				STRING_CATALOG_GENERATE_SYMBOLS = NO;
				SUPPORTED_PLATFORMS = "iphoneos iphonesimulator";
				SUPPORTS_MACCATALYST = NO;
				SUPPORTS_MAC_DESIGNED_FOR_IPHONE_IPAD = NO;
				SUPPORTS_XR_DESIGNED_FOR_IPHONE_IPAD = NO;
				SWIFT_APPROACHABLE_CONCURRENCY = YES;
				SWIFT_EMIT_LOC_STRINGS = NO;
				SWIFT_UPCOMING_FEATURE_MEMBER_IMPORT_VISIBILITY = YES;
				SWIFT_VERSION = 5.0;
				TARGETED_DEVICE_FAMILY = "1,2";
				TEST_HOST = "$(BUILT_PRODUCTS_DIR)/community_app.app/$(BUNDLE_EXECUTABLE_FOLDER_PATH)/community_app";
			};
			name = Release;
		};
/* End XCBuildConfiguration section */

/* Begin XCConfigurationList section */
		F3A0CD362F90EA2600B052F7 /* Build configuration list for PBXProject "community_app" */ = {
			isa = XCConfigurationList;
			buildConfigurations = (
				F3A0CD5A2F90EA2700B052F7 /* Debug */,
				F3A0CD5B2F90EA2700B052F7 /* Release */,
			);
			defaultConfigurationIsVisible = 0;
			defaultConfigurationName = Release;
		};
		F3A0CD5C2F90EA2700B052F7 /* Build configuration list for PBXNativeTarget "community_app" */ = {
			isa = XCConfigurationList;
			buildConfigurations = (
				F3A0CD5D2F90EA2700B052F7 /* Debug */,
				F3A0CD5E2F90EA2700B052F7 /* Release */,
			);
			defaultConfigurationIsVisible = 0;
			defaultConfigurationName = Release;
		};
		F3A0CD5F2F90EA2700B052F7 /* Build configuration list for PBXNativeTarget "community_appTests" */ = {
			isa = XCConfigurationList;
			buildConfigurations = (
				F3A0CD602F90EA2700B052F7 /* Debug */,
				F3A0CD612F90EA2700B052F7 /* Release */,
			);
			defaultConfigurationIsVisible = 0;
			defaultConfigurationName = Release;
		};
/* End XCConfigurationList section */
	};
	rootObject = F3A0CD332F90EA2600B052F7 /* Project object */;
}
